// !$*UTF8*$!
{
	archiveVersion = 1;
	classes = {
	};
	objectVersion = 46;
	objects = {

/* Begin PBXBuildFile section */
		C6045CDD1A40533900D3A9F7 /* main.m in Sources */ = {isa = PBXBuildFile; fileRef = C6045CDC1A40533900D3A9F7 /* main.m */; };
		C6045CE01A40533900D3A9F7 /* AppDelegate.m in Sources */ = {isa = PBXBuildFile; fileRef = C6045CDF1A40533900D3A9F7 /* AppDelegate.m */; };
		C6045CE81A40533900D3A9F7 /* Images.xcassets in Resources */ = {isa = PBXBuildFile; fileRef = C6045CE71A40533900D3A9F7 /* Images.xcassets */; };
		C6045CEB1A40533A00D3A9F7 /* LaunchScreen.xib in Resources */ = {isa = PBXBuildFile; fileRef = C6045CE91A40533900D3A9F7 /* LaunchScreen.xib */; };
		C6045CF71A40533A00D3A9F7 /* SnappyCamTests.m in Sources */ = {isa = PBXBuildFile; fileRef = C6045CF61A40533A00D3A9F7 /* SnappyCamTests.m */; };
		C6045D061A409DFE00D3A9F7 /* CameraViewController.m in Sources */ = {isa = PBXBuildFile; fileRef = C6045D041A409DFE00D3A9F7 /* CameraViewController.m */; };
		C6045D071A409DFE00D3A9F7 /* CameraViewController.xib in Resources */ = {isa = PBXBuildFile; fileRef = C6045D051A409DFE00D3A9F7 /* CameraViewController.xib */; };
		C6045D0A1A40A25D00D3A9F7 /* ImagePickerController.m in Sources */ = {isa = PBXBuildFile; fileRef = C6045D091A40A25D00D3A9F7 /* ImagePickerController.m */; };
/* End PBXBuildFile section */

/* Begin PBXContainerItemProxy section */
		C6045CF11A40533A00D3A9F7 /* PBXContainerItemProxy */ = {
			isa = PBXContainerItemProxy;
			containerPortal = C6045CCF1A40533900D3A9F7 /* Project object */;
			proxyType = 1;
			remoteGlobalIDString = C6045CD61A40533900D3A9F7;
			remoteInfo = SnappyCam;
		};
/* End PBXContainerItemProxy section */

/* Begin PBXFileReference section */
		C6045CD71A40533900D3A9F7 /* SnappyCam.app */ = {isa = PBXFileReference; explicitFileType = wrapper.application; includeInIndex = 0; path = SnappyCam.app; sourceTree = BUILT_PRODUCTS_DIR; };
		C6045CDB1A40533900D3A9F7 /* Info.plist */ = {isa = PBXFileReference; lastKnownFileType = text.plist.xml; path = Info.plist; sourceTree = "<group>"; };
		C6045CDC1A40533900D3A9F7 /* main.m */ = {isa = PBXFileReference; lastKnownFileType = sourcecode.c.objc; path = main.m; sourceTree = "<group>"; };
		C6045CDE1A40533900D3A9F7 /* AppDelegate.h */ = {isa = PBXFileReference; lastKnownFileType = sourcecode.c.h; path = AppDelegate.h; sourceTree = "<group>"; };
		C6045CDF1A40533900D3A9F7 /* AppDelegate.m */ = {isa = PBXFileReference; lastKnownFileType = sourcecode.c.objc; path = AppDelegate.m; sourceTree = "<group>"; };
		C6045CE71A40533900D3A9F7 /* Images.xcassets */ = {isa = PBXFileReference; lastKnownFileType = folder.assetcatalog; path = Images.xcassets; sourceTree = "<group>"; };
		C6045CEA1A40533900D3A9F7 /* Base */ = {isa = PBXFileReference; lastKnownFileType = file.xib; name = Base; path = Base.lproj/LaunchScreen.xib; sourceTree = "<group>"; };
		C6045CF01A40533A00D3A9F7 /* SnappyCamTests.xctest */ = {isa = PBXFileReference; explicitFileType = wrapper.cfbundle; includeInIndex = 0; path = SnappyCamTests.xctest; sourceTree = BUILT_PRODUCTS_DIR; };
		C6045CF51A40533A00D3A9F7 /* Info.plist */ = {isa = PBXFileReference; lastKnownFileType = text.plist.xml; path = Info.plist; sourceTree = "<group>"; };
		C6045CF61A40533A00D3A9F7 /* SnappyCamTests.m */ = {isa = PBXFileReference; lastKnownFileType = sourcecode.c.objc; path = SnappyCamTests.m; sourceTree = "<group>"; };
		C6045D031A409DFE00D3A9F7 /* CameraViewController.h */ = {isa = PBXFileReference; fileEncoding = 4; lastKnownFileType = sourcecode.c.h; path = CameraViewController.h; sourceTree = "<group>"; };
		C6045D041A409DFE00D3A9F7 /* CameraViewController.m */ = {isa = PBXFileReference; fileEncoding = 4; lastKnownFileType = sourcecode.c.objc; path = CameraViewController.m; sourceTree = "<group>"; };
		C6045D051A409DFE00D3A9F7 /* CameraViewController.xib */ = {isa = PBXFileReference; fileEncoding = 4; lastKnownFileType = file.xib; path = CameraViewController.xib; sourceTree = "<group>"; };
		C6045D081A40A25D00D3A9F7 /* ImagePickerController.h */ = {isa = PBXFileReference; fileEncoding = 4; lastKnownFileType = sourcecode.c.h; path = ImagePickerController.h; sourceTree = "<group>"; };
		C6045D091A40A25D00D3A9F7 /* ImagePickerController.m */ = {isa = PBXFileReference; fileEncoding = 4; lastKnownFileType = sourcecode.c.objc; path = ImagePickerController.m; sourceTree = "<group>"; };
/* End PBXFileReference section */

/* Begin PBXFrameworksBuildPhase section */
		C6045CD41A40533900D3A9F7 /* Frameworks */ = {
			isa = PBXFrameworksBuildPhase;
			buildActionMask = 2147483647;
			files = (
			);
			runOnlyForDeploymentPostprocessing = 0;
		};
		C6045CED1A40533A00D3A9F7 /* Frameworks */ = {
			isa = PBXFrameworksBuildPhase;
			buildActionMask = 2147483647;
			files = (
			);
			runOnlyForDeploymentPostprocessing = 0;
		};
/* End PBXFrameworksBuildPhase section */

/* Begin PBXGroup section */
		C6045CCE1A40533900D3A9F7 = {
			isa = PBXGroup;
			children = (
				C6045CD91A40533900D3A9F7 /* SnappyCam */,
				C6045CF31A40533A00D3A9F7 /* SnappyCamTests */,
				C6045CD81A40533900D3A9F7 /* Products */,
			);
			sourceTree = "<group>";
		};
		C6045CD81A40533900D3A9F7 /* Products */ = {
			isa = PBXGroup;
			children = (
				C6045CD71A40533900D3A9F7 /* SnappyCam.app */,
				C6045CF01A40533A00D3A9F7 /* SnappyCamTests.xctest */,
			);
			name = Products;
			sourceTree = "<group>";
		};
		C6045CD91A40533900D3A9F7 /* SnappyCam */ = {
			isa = PBXGroup;
			children = (
				C6045CDE1A40533900D3A9F7 /* AppDelegate.h */,
				C6045CDF1A40533900D3A9F7 /* AppDelegate.m */,
				C6045CE71A40533900D3A9F7 /* Images.xcassets */,
				C6045CE91A40533900D3A9F7 /* LaunchScreen.xib */,
				C6045CDA1A40533900D3A9F7 /* Supporting Files */,
				C6045D031A409DFE00D3A9F7 /* CameraViewController.h */,
				C6045D041A409DFE00D3A9F7 /* CameraViewController.m */,
				C6045D051A409DFE00D3A9F7 /* CameraViewController.xib */,
				C6045D081A40A25D00D3A9F7 /* ImagePickerController.h */,
				C6045D091A40A25D00D3A9F7 /* ImagePickerController.m */,
			);
			path = SnappyCam;
			sourceTree = "<group>";
		};
		C6045CDA1A40533900D3A9F7 /* Supporting Files */ = {
			isa = PBXGroup;
			children = (
				C6045CDB1A40533900D3A9F7 /* Info.plist */,
				C6045CDC1A40533900D3A9F7 /* main.m */,
			);
			name = "Supporting Files";
			sourceTree = "<group>";
		};
		C6045CF31A40533A00D3A9F7 /* SnappyCamTests */ = {
			isa = PBXGroup;
			children = (
				C6045CF61A40533A00D3A9F7 /* SnappyCamTests.m */,
				C6045CF41A40533A00D3A9F7 /* Supporting Files */,
			);
			path = SnappyCamTests;
			sourceTree = "<group>";
		};
		C6045CF41A40533A00D3A9F7 /* Supporting Files */ = {
			isa = PBXGroup;
			children = (
				C6045CF51A40533A00D3A9F7 /* Info.plist */,
			);
			name = "Supporting Files";
			sourceTree = "<group>";
		};
/* End PBXGroup section */

/* Begin PBXNativeTarget section */
		C6045CD61A40533900D3A9F7 /* SnappyCam */ = {
			isa = PBXNativeTarget;
			buildConfigurationList = C6045CFA1A40533A00D3A9F7 /* Build configuration list for PBXNativeTarget "SnappyCam" */;
			buildPhases = (
				C6045CD31A40533900D3A9F7 /* Sources */,
				C6045CD41A40533900D3A9F7 /* Frameworks */,
				C6045CD51A40533900D3A9F7 /* Resources */,
			);
			buildRules = (
			);
			dependencies = (
			);
			name = SnappyCam;
			productName = SnappyCam;
			productReference = C6045CD71A40533900D3A9F7 /* SnappyCam.app */;
			productType = "com.apple.product-type.application";
		};
		C6045CEF1A40533A00D3A9F7 /* SnappyCamTests */ = {
			isa = PBXNativeTarget;
			buildConfigurationList = C6045CFD1A40533A00D3A9F7 /* Build configuration list for PBXNativeTarget "SnappyCamTests" */;
			buildPhases = (
				C6045CEC1A40533A00D3A9F7 /* Sources */,
				C6045CED1A40533A00D3A9F7 /* Frameworks */,
				C6045CEE1A40533A00D3A9F7 /* Resources */,
			);
			buildRules = (
			);
			dependencies = (
				C6045CF21A40533A00D3A9F7 /* PBXTargetDependency */,
			);
			name = SnappyCamTests;
			productName = SnappyCamTests;
			productReference = C6045CF01A40533A00D3A9F7 /* SnappyCamTests.xctest */;
			productType = "com.apple.product-type.bundle.unit-test";
		};
/* End PBXNativeTarget section */

/* Begin PBXProject section */
		C6045CCF1A40533900D3A9F7 /* Project object */ = {
			isa = PBXProject;
			attributes = {
				LastUpgradeCheck = 0610;
				ORGANIZATIONNAME = "Foo Bar";
				TargetAttributes = {
					C6045CD61A40533900D3A9F7 = {
						CreatedOnToolsVersion = 6.1;
					};
					C6045CEF1A40533A00D3A9F7 = {
						CreatedOnToolsVersion = 6.1;
						TestTargetID = C6045CD61A40533900D3A9F7;
					};
				};
			};
			buildConfigurationList = C6045CD21A40533900D3A9F7 /* Build configuration list for PBXProject "SnappyCam" */;
			compatibilityVersion = "Xcode 3.2";
			developmentRegion = English;
			hasScannedForEncodings = 0;
			knownRegions = (
				en,
				Base,
			);
			mainGroup = C6045CCE1A40533900D3A9F7;
			productRefGroup = C6045CD81A40533900D3A9F7 /* Products */;
			projectDirPath = "";
			projectRoot = "";
			targets = (
				C6045CD61A40533900D3A9F7 /* SnappyCam */,
				C6045CEF1A40533A00D3A9F7 /* SnappyCamTests */,
			);
		};
/* End PBXProject section */

/* Begin PBXResourcesBuildPhase section */
		C6045CD51A40533900D3A9F7 /* Resources */ = {
			isa = PBXResourcesBuildPhase;
			buildActionMask = 2147483647;
			files = (
				C6045D071A409DFE00D3A9F7 /* CameraViewController.xib in Resources */,
				C6045CEB1A40533A00D3A9F7 /* LaunchScreen.xib in Resources */,
				C6045CE81A40533900D3A9F7 /* Images.xcassets in Resources */,
			);
			runOnlyForDeploymentPostprocessing = 0;
		};
		C6045CEE1A40533A00D3A9F7 /* Resources */ = {
			isa = PBXResourcesBuildPhase;
			buildActionMask = 2147483647;
			files = (
			);
			runOnlyForDeploymentPostprocessing = 0;
		};
/* End PBXResourcesBuildPhase section */

/* Begin PBXSourcesBuildPhase section */
		C6045CD31A40533900D3A9F7 /* Sources */ = {
			isa = PBXSourcesBuildPhase;
			buildActionMask = 2147483647;
			files = (
				C6045D061A409DFE00D3A9F7 /* CameraViewController.m in Sources */,
				C6045D0A1A40A25D00D3A9F7 /* ImagePickerController.m in Sources */,
				C6045CE01A40533900D3A9F7 /* AppDelegate.m in Sources */,
				C6045CDD1A40533900D3A9F7 /* main.m in Sources */,
			);
			runOnlyForDeploymentPostprocessing = 0;
		};
		C6045CEC1A40533A00D3A9F7 /* Sources */ = {
			isa = PBXSourcesBuildPhase;
			buildActionMask = 2147483647;
			files = (
				C6045CF71A40533A00D3A9F7 /* SnappyCamTests.m in Sources */,
			);
			runOnlyForDeploymentPostprocessing = 0;
		};
/* End PBXSourcesBuildPhase section */

/* Begin PBXTargetDependency section */
		C6045CF21A40533A00D3A9F7 /* PBXTargetDependency */ = {
			isa = PBXTargetDependency;
			target = C6045CD61A40533900D3A9F7 /* SnappyCam */;
			targetProxy = C6045CF11A40533A00D3A9F7 /* PBXContainerItemProxy */;
		};
/* End PBXTargetDependency section */

/* Begin PBXVariantGroup section */
		C6045CE91A40533900D3A9F7 /* LaunchScreen.xib */ = {
			isa = PBXVariantGroup;
			children = (
				C6045CEA1A40533900D3A9F7 /* Base */,
			);
			name = LaunchScreen.xib;
			sourceTree = "<group>";
		};
/* End PBXVariantGroup section */

/* Begin XCBuildConfiguration section */
		C6045CF81A40533A00D3A9F7 /* Debug */ = {
			isa = XCBuildConfiguration;
			buildSettings = {
				ALWAYS_SEARCH_USER_PATHS = NO;
				CLANG_CXX_LANGUAGE_STANDARD = "gnu++0x";
				CLANG_CXX_LIBRARY = "libc++";
				CLANG_ENABLE_MODULES = YES;
				CLANG_ENABLE_OBJC_ARC = YES;
				CLANG_WARN_BOOL_CONVERSION = YES;
				CLANG_WARN_CONSTANT_CONVERSION = YES;
				CLANG_WARN_DIRECT_OBJC_ISA_USAGE = YES_ERROR;
				CLANG_WARN_EMPTY_BODY = YES;
				CLANG_WARN_ENUM_CONVERSION = YES;
				CLANG_WARN_INT_CONVERSION = YES;
				CLANG_WARN_OBJC_ROOT_CLASS = YES_ERROR;
				CLANG_WARN_UNREACHABLE_CODE = YES;
				CLANG_WARN__DUPLICATE_METHOD_MATCH = YES;
				"CODE_SIGN_IDENTITY[sdk=iphoneos*]" = "iPhone Developer";
				COPY_PHASE_STRIP = NO;
				ENABLE_STRICT_OBJC_MSGSEND = YES;
				GCC_C_LANGUAGE_STANDARD = gnu99;
				GCC_DYNAMIC_NO_PIC = NO;
				GCC_OPTIMIZATION_LEVEL = 0;
				GCC_PREPROCESSOR_DEFINITIONS = (
					"DEBUG=1",
					"$(inherited)",
				);
				GCC_SYMBOLS_PRIVATE_EXTERN = NO;
				GCC_WARN_64_TO_32_BIT_CONVERSION = YES;
				GCC_WARN_ABOUT_RETURN_TYPE = YES_ERROR;
				GCC_WARN_UNDECLARED_SELECTOR = YES;
				GCC_WARN_UNINITIALIZED_AUTOS = YES_AGGRESSIVE;
				GCC_WARN_UNUSED_FUNCTION = YES;
				GCC_WARN_UNUSED_VARIABLE = YES;
				IPHONEOS_DEPLOYMENT_TARGET = 8.1;
				MTL_ENABLE_DEBUG_INFO = YES;
				ONLY_ACTIVE_ARCH = YES;
				SDKROOT = iphoneos;
			};
			name = Debug;
		};
		C6045CF91A40533A00D3A9F7 /* Release */ = {
			isa = XCBuildConfiguration;
			buildSettings = {
				ALWAYS_SEARCH_USER_PATHS = NO;
				CLANG_CXX_LANGUAGE_STANDARD = "gnu++0x";
				CLANG_CXX_LIBRARY = "libc++";
				CLANG_ENABLE_MODULES = YES;
				CLANG_ENABLE_OBJC_ARC = YES;
				CLANG_WARN_BOOL_CONVERSION = YES;
				CLANG_WARN_CONSTANT_CONVERSION = YES;
				CLANG_WARN_DIRECT_OBJC_ISA_USAGE = YES_ERROR;
				CLANG_WARN_EMPTY_BODY = YES;
				CLANG_WARN_ENUM_CONVERSION = YES;
				CLANG_WARN_INT_CONVERSION = YES;
				CLANG_WARN_OBJC_ROOT_CLASS = YES_ERROR;
				CLANG_WARN_UNREACHABLE_CODE = YES;
				CLANG_WARN__DUPLICATE_METHOD_MATCH = YES;
				"CODE_SIGN_IDENTITY[sdk=iphoneos*]" = "iPhone Developer";
				COPY_PHASE_STRIP = YES;
				ENABLE_NS_ASSERTIONS = NO;
				ENABLE_STRICT_OBJC_MSGSEND = YES;
				GCC_C_LANGUAGE_STANDARD = gnu99;
				GCC_WARN_64_TO_32_BIT_CONVERSION = YES;
				GCC_WARN_ABOUT_RETURN_TYPE = YES_ERROR;
				GCC_WARN_UNDECLARED_SELECTOR = YES;
				GCC_WARN_UNINITIALIZED_AUTOS = YES_AGGRESSIVE;
				GCC_WARN_UNUSED_FUNCTION = YES;
				GCC_WARN_UNUSED_VARIABLE = YES;
				IPHONEOS_DEPLOYMENT_TARGET = 8.1;
				MTL_ENABLE_DEBUG_INFO = NO;
				SDKROOT = iphoneos;
				VALIDATE_PRODUCT = YES;
			};
			name = Release;
		};
		C6045CFB1A40533A00D3A9F7 /* Debug */ = {
			isa = XCBuildConfiguration;
			buildSettings = {
				ASSETCATALOG_COMPILER_APPICON_NAME = AppIcon;
				INFOPLIST_FILE = SnappyCam/Info.plist;
				LD_RUNPATH_SEARCH_PATHS = "$(inherited) @executable_path/Frameworks";
				PRODUCT_NAME = "$(TARGET_NAME)";
			};
			name = Debug;
		};
		C6045CFC1A40533A00D3A9F7 /* Release */ = {
			isa = XCBuildConfiguration;
			buildSettings = {
				ASSETCATALOG_COMPILER_APPICON_NAME = AppIcon;
				INFOPLIST_FILE = SnappyCam/Info.plist;
				LD_RUNPATH_SEARCH_PATHS = "$(inherited) @executable_path/Frameworks";
				PRODUCT_NAME = "$(TARGET_NAME)";
			};
			name = Release;
		};
		C6045CFE1A40533A00D3A9F7 /* Debug */ = {
			isa = XCBuildConfiguration;
			buildSettings = {
				BUNDLE_LOADER = "$(TEST_HOST)";
				FRAMEWORK_SEARCH_PATHS = (
					"$(SDKROOT)/Developer/Library/Frameworks",
					"$(inherited)",
				);
				GCC_PREPROCESSOR_DEFINITIONS = (
					"DEBUG=1",
					"$(inherited)",
				);
				INFOPLIST_FILE = SnappyCamTests/Info.plist;
				LD_RUNPATH_SEARCH_PATHS = "$(inherited) @executable_path/Frameworks @loader_path/Frameworks";
				PRODUCT_NAME = "$(TARGET_NAME)";
				TEST_HOST = "$(BUILT_PRODUCTS_DIR)/SnappyCam.app/SnappyCam";
			};
			name = Debug;
		};
		C6045CFF1A40533A00D3A9F7 /* Release */ = {
			isa = XCBuildConfiguration;
			buildSettings = {
				BUNDLE_LOADER = "$(TEST_HOST)";
				FRAMEWORK_SEARCH_PATHS = (
					"$(SDKROOT)/Developer/Library/Frameworks",
					"$(inherited)",
				);
				INFOPLIST_FILE = SnappyCamTests/Info.plist;
				LD_RUNPATH_SEARCH_PATHS = "$(inherited) @executable_path/Frameworks @loader_path/Frameworks";
				PRODUCT_NAME = "$(TARGET_NAME)";
				TEST_HOST = "$(BUILT_PRODUCTS_DIR)/SnappyCam.app/SnappyCam";
			};
			name = Release;
		};
/* End XCBuildConfiguration section */

/* Begin XCConfigurationList section */
		C6045CD21A40533900D3A9F7 /* Build configuration list for PBXProject "SnappyCam" */ = {
			isa = XCConfigurationList;
			buildConfigurations = (
				C6045CF81A40533A00D3A9F7 /* Debug */,
				C6045CF91A40533A00D3A9F7 /* Release */,
			);
			defaultConfigurationIsVisible = 0;
			defaultConfigurationName = Release;
		};
		C6045CFA1A40533A00D3A9F7 /* Build configuration list for PBXNativeTarget "SnappyCam" */ = {
			isa = XCConfigurationList;
			buildConfigurations = (
				C6045CFB1A40533A00D3A9F7 /* Debug */,
				C6045CFC1A40533A00D3A9F7 /* Release */,
			);
			defaultConfigurationIsVisible = 0;
		};
		C6045CFD1A40533A00D3A9F7 /* Build configuration list for PBXNativeTarget "SnappyCamTests" */ = {
			isa = XCConfigurationList;
			buildConfigurations = (
				C6045CFE1A40533A00D3A9F7 /* Debug */,
				C6045CFF1A40533A00D3A9F7 /* Release */,
			);
			defaultConfigurationIsVisible = 0;
		};
/* End XCConfigurationList section */
	};
	rootObject = C6045CCF1A40533900D3A9F7 /* Project object */;
}
